
Microsoft Visual Studio Solution File, Format Version 12.00
# Visual Studio Version 17
VisualStudioVersion = 17.14.36511.14 d17.14
MinimumVisualStudioVersion = 10.0.40219.1
Project("{FAE04EC0-301F-11D3-BF4B-00C04F79EFBC}") = "RayForge", "RayForge\RayForge.csproj", "{AD975248-18E1-48B0-85C1-4F7C580A549A}"
EndProject
Global
	GlobalSection(SolutionConfigurationPlatforms) = preSolution
		Debug|Any CPU = Debug|Any CPU
		Release|Any CPU = Release|Any CPU
	EndGlobalSection
	GlobalSection(ProjectConfigurationPlatforms) = postSolution
		{AD975248-18E1-48B0-85C1-4F7C580A549A}.Debug|Any CPU.ActiveCfg = Debug|Any CPU
		{AD975248-18E1-48B0-85C1-4F7C580A549A}.Debug|Any CPU.Build.0 = Debug|Any CPU
		{AD975248-18E1-48B0-85C1-4F7C580A549A}.Release|Any CPU.ActiveCfg = Release|Any CPU
		{AD975248-18E1-48B0-85C1-4F7C580A549A}.Release|Any CPU.Build.0 = Release|Any CPU
	EndGlobalSection
	GlobalSection(SolutionProperties) = preSolution
		HideSolutionNode = FALSE
	EndGlobalSection
	GlobalSection(ExtensibilityGlobals) = postSolution
		SolutionGuid = {09EE6C7D-70BF-4A30-8296-01F6D1331712}
	EndGlobalSection
EndGlobal
